
Microsoft Visual Studio Solution File, Format Version 12.00
# Visual Studio Version 17
VisualStudioVersion = 17.7.34221.43
MinimumVisualStudioVersion = 10.0.40219.1
Project("{FAE04EC0-301F-11D3-BF4B-00C04F79EFBC}") = "lab2crud", "lab2crud\lab2crud.csproj", "{BBC526CE-D863-4154-84AB-C5F5613C3A01}"
EndProject
Global
	GlobalSection(SolutionConfigurationPlatforms) = preSolution
		Debug|Any CPU = Debug|Any CPU
		Release|Any CPU = Release|Any CPU
	EndGlobalSection
	GlobalSection(ProjectConfigurationPlatforms) = postSolution
		{BBC526CE-D863-4154-84AB-C5F5613C3A01}.Debug|Any CPU.ActiveCfg = Debug|Any CPU
		{BBC526CE-D863-4154-84AB-C5F5613C3A01}.Debug|Any CPU.Build.0 = Debug|Any CPU
		{BBC526CE-D863-4154-84AB-C5F5613C3A01}.Release|Any CPU.ActiveCfg = Release|Any CPU
		{BBC526CE-D863-4154-84AB-C5F5613C3A01}.Release|Any CPU.Build.0 = Release|Any CPU
	EndGlobalSection
	GlobalSection(SolutionProperties) = preSolution
		HideSolutionNode = FALSE
	EndGlobalSection
	GlobalSection(ExtensibilityGlobals) = postSolution
		SolutionGuid = {65C7D4ED-921A-4230-A979-4796FCEBF251}
	EndGlobalSection
EndGlobal
